
Microsoft Visual Studio Solution File, Format Version 12.00
# Visual Studio Version 16
VisualStudioVersion = 16.0.32901.82
MinimumVisualStudioVersion = 10.0.40219.1
Project("{FAE04EC0-301F-11D3-BF4B-00C04F79EFBC}") = "WindowsFormsApp1", "WindowsFormsApp1\WindowsFormsApp1.csproj", "{DD83202D-055C-4CE0-ACC0-8326DEE90623}"
EndProject
Global
	GlobalSection(SolutionConfigurationPlatforms) = preSolution
		Debug|Any CPU = Debug|Any CPU
		Release|Any CPU = Release|Any CPU
	EndGlobalSection
	GlobalSection(ProjectConfigurationPlatforms) = postSolution
		{DD83202D-055C-4CE0-ACC0-8326DEE90623}.Debug|Any CPU.ActiveCfg = Debug|Any CPU
		{DD83202D-055C-4CE0-ACC0-8326DEE90623}.Debug|Any CPU.Build.0 = Debug|Any CPU
		{DD83202D-055C-4CE0-ACC0-8326DEE90623}.Release|Any CPU.ActiveCfg = Release|Any CPU
		{DD83202D-055C-4CE0-ACC0-8326DEE90623}.Release|Any CPU.Build.0 = Release|Any CPU
	EndGlobalSection
	GlobalSection(SolutionProperties) = preSolution
		HideSolutionNode = FALSE
	EndGlobalSection
	GlobalSection(ExtensibilityGlobals) = postSolution
		SolutionGuid = {62043A82-170B-4533-BD7D-72BEB6EFC995}
	EndGlobalSection
EndGlobal
